<Solution>
  <Project Path="Assembly-CSharp.csproj" />
  <Project Path="Assembly-CSharp-Editor.csproj" />
  <Project Path="BombCourier.ToyDioramaPostProcess.Editor.csproj" />
  <Project Path="BombCourier.ToyDioramaPostProcess.csproj" />
  <Project Path="BombCourier.ToyDioramaPostProcess.PlayModeTests.csproj" />
  <Project Path="Sirenix.OdinInspector.Modules.UnityMathematics.csproj" />
  <Project Path="BombCourier.ToyDioramaPostProcess.EditorTests.csproj" />
</Solution>
